
Microsoft Visual Studio Solution File, Format Version 12.00
# Visual Studio Version 17
VisualStudioVersion = 17.8.34316.72
MinimumVisualStudioVersion = 10.0.40219.1
Project("{FAE04EC0-301F-11D3-BF4B-00C04F79EFBC}") = "Coursework2001", "Coursework2001.csproj", "{746268D7-FAC8-4589-A872-2B006C22E160}"
EndProject
Global
	GlobalSection(SolutionConfigurationPlatforms) = preSolution
		Debug|Any CPU = Debug|Any CPU
		Release|Any CPU = Release|Any CPU
	EndGlobalSection
	GlobalSection(ProjectConfigurationPlatforms) = postSolution
		{746268D7-FAC8-4589-A872-2B006C22E160}.Debug|Any CPU.ActiveCfg = Debug|Any CPU
		{746268D7-FAC8-4589-A872-2B006C22E160}.Debug|Any CPU.Build.0 = Debug|Any CPU
		{746268D7-FAC8-4589-A872-2B006C22E160}.Release|Any CPU.ActiveCfg = Release|Any CPU
		{746268D7-FAC8-4589-A872-2B006C22E160}.Release|Any CPU.Build.0 = Release|Any CPU
	EndGlobalSection
	GlobalSection(SolutionProperties) = preSolution
		HideSolutionNode = FALSE
	EndGlobalSection
	GlobalSection(ExtensibilityGlobals) = postSolution
		SolutionGuid = {989BE933-CBC7-42B2-BD26-B4EA041C4715}
	EndGlobalSection
EndGlobal
